
Microsoft Visual Studio Solution File, Format Version 12.00
# Visual Studio Version 17
VisualStudioVersion = 17.3.32825.248
MinimumVisualStudioVersion = 10.0.40219.1
Project("{FAE04EC0-301F-11D3-BF4B-00C04F79EFBC}") = "FinalProject", "FinalProject.csproj", "{2809EC99-A3BA-4491-AC66-D4760D7D4155}"
EndProject
Global
	GlobalSection(SolutionConfigurationPlatforms) = preSolution
		Debug|Any CPU = Debug|Any CPU
		Release|Any CPU = Release|Any CPU
	EndGlobalSection
	GlobalSection(ProjectConfigurationPlatforms) = postSolution
		{2809EC99-A3BA-4491-AC66-D4760D7D4155}.Debug|Any CPU.ActiveCfg = Debug|Any CPU
		{2809EC99-A3BA-4491-AC66-D4760D7D4155}.Debug|Any CPU.Build.0 = Debug|Any CPU
		{2809EC99-A3BA-4491-AC66-D4760D7D4155}.Release|Any CPU.ActiveCfg = Release|Any CPU
		{2809EC99-A3BA-4491-AC66-D4760D7D4155}.Release|Any CPU.Build.0 = Release|Any CPU
	EndGlobalSection
	GlobalSection(SolutionProperties) = preSolution
		HideSolutionNode = FALSE
	EndGlobalSection
	GlobalSection(ExtensibilityGlobals) = postSolution
		SolutionGuid = {BAD1505C-D261-4FB8-A095-399C5ADFE670}
	EndGlobalSection
EndGlobal
